Microsoft Visual Studio Solution File, Format Version 11.00
# Visual Studio 2008

Project("{4AFD6D12-2C2C-073E-F387-C0412CD27147}") = "RaceGame-v1.0", "Assembly-CSharp.csproj", "{F4081917-7741-B184-F997-124B632CC6E8}"
EndProject
Global
	GlobalSection(SolutionConfigurationPlatforms) = preSolution
		Debug|Any CPU = Debug|Any CPU
		Release|Any CPU = Release|Any CPU
	EndGlobalSection
	GlobalSection(ProjectConfigurationPlatforms) = postSolution
		{F4081917-7741-B184-F997-124B632CC6E8}.Debug|Any CPU.ActiveCfg = Debug|Any CPU
		{F4081917-7741-B184-F997-124B632CC6E8}.Debug|Any CPU.Build.0 = Debug|Any CPU
		{F4081917-7741-B184-F997-124B632CC6E8}.Release|Any CPU.ActiveCfg = Release|Any CPU
		{F4081917-7741-B184-F997-124B632CC6E8}.Release|Any CPU.Build.0 = Release|Any CPU
	EndGlobalSection
	GlobalSection(SolutionProperties) = preSolution
		HideSolutionNode = FALSE
	EndGlobalSection
	GlobalSection(MonoDevelopProperties) = preSolution
		StartupItem = Assembly-CSharp.csproj
	EndGlobalSection
EndGlobal
