Microsoft Visual Studio Solution File, Format Version 11.00
# Visual Studio 2008

Project("{D3C79373-A730-48F0-3E72-6782693F8D28}") = "RaceGame-v1.4.0", "Assembly-CSharp.csproj", "{CE2E9F19-00C3-3B53-3E27-BEF5F32C1183}"
EndProject
Global
	GlobalSection(SolutionConfigurationPlatforms) = preSolution
		Debug|Any CPU = Debug|Any CPU
		Release|Any CPU = Release|Any CPU
	EndGlobalSection
	GlobalSection(ProjectConfigurationPlatforms) = postSolution
		{CE2E9F19-00C3-3B53-3E27-BEF5F32C1183}.Debug|Any CPU.ActiveCfg = Debug|Any CPU
		{CE2E9F19-00C3-3B53-3E27-BEF5F32C1183}.Debug|Any CPU.Build.0 = Debug|Any CPU
		{CE2E9F19-00C3-3B53-3E27-BEF5F32C1183}.Release|Any CPU.ActiveCfg = Release|Any CPU
		{CE2E9F19-00C3-3B53-3E27-BEF5F32C1183}.Release|Any CPU.Build.0 = Release|Any CPU
	EndGlobalSection
	GlobalSection(SolutionProperties) = preSolution
		HideSolutionNode = FALSE
	EndGlobalSection
	GlobalSection(MonoDevelopProperties) = preSolution
		StartupItem = Assembly-CSharp.csproj
	EndGlobalSection
EndGlobal
